
Microsoft Visual Studio Solution File, Format Version 12.00
# Visual Studio Version 16
VisualStudioVersion = 16.0.28803.202
MinimumVisualStudioVersion = 10.0.40219.1
Project("{FAE04EC0-301F-11D3-BF4B-00C04F79EFBC}") = "BoxUpload", "BoxUpload\BoxUpload.csproj", "{F9D87163-3FCD-4671-864F-1FCAA315728B}"
EndProject
Global
	GlobalSection(SolutionConfigurationPlatforms) = preSolution
		Debug|Any CPU = Debug|Any CPU
		Release|Any CPU = Release|Any CPU
	EndGlobalSection
	GlobalSection(ProjectConfigurationPlatforms) = postSolution
		{F9D87163-3FCD-4671-864F-1FCAA315728B}.Debug|Any CPU.ActiveCfg = Debug|Any CPU
		{F9D87163-3FCD-4671-864F-1FCAA315728B}.Debug|Any CPU.Build.0 = Debug|Any CPU
		{F9D87163-3FCD-4671-864F-1FCAA315728B}.Release|Any CPU.ActiveCfg = Release|Any CPU
		{F9D87163-3FCD-4671-864F-1FCAA315728B}.Release|Any CPU.Build.0 = Release|Any CPU
	EndGlobalSection
	GlobalSection(SolutionProperties) = preSolution
		HideSolutionNode = FALSE
	EndGlobalSection
	GlobalSection(ExtensibilityGlobals) = postSolution
		SolutionGuid = {BBDDDBB8-1EB7-4B28-8517-4276F2385591}
	EndGlobalSection
EndGlobal
